// !$*UTF8*$!
{
	archiveVersion = 1;
	classes = {
	};
	objectVersion = 56;
	objects = {

/* Begin PBXBuildFile section */
		4D8BA4E8294A2A5000E9FDFF /* MainScreen.swift in Sources */ = {isa = PBXBuildFile; fileRef = 4D8BA4E7294A2A5000E9FDFF /* MainScreen.swift */; };
		6E156A6D29491EE9007717D8 /* KYO.swift in Sources */ = {isa = PBXBuildFile; fileRef = 6E156A6C29491EE9007717D8 /* KYO.swift */; };
		6E156A6F29491F07007717D8 /* Shadow.swift in Sources */ = {isa = PBXBuildFile; fileRef = 6E156A6E29491F07007717D8 /* Shadow.swift */; };
		6E156A7129491F1D007717D8 /* Mice.swift in Sources */ = {isa = PBXBuildFile; fileRef = 6E156A7029491F1D007717D8 /* Mice.swift */; };
		6E5838282949F1E700006851 /* GameScene.swift in Sources */ = {isa = PBXBuildFile; fileRef = 6E5838272949F1E700006851 /* GameScene.swift */; };
		6E58382A2949F31900006851 /* PhysicsCategory.swift in Sources */ = {isa = PBXBuildFile; fileRef = 6E5838292949F31900006851 /* PhysicsCategory.swift */; };
		6E58382C2949F41400006851 /* Utils.swift in Sources */ = {isa = PBXBuildFile; fileRef = 6E58382B2949F41400006851 /* Utils.swift */; };
		6E58382E294A214000006851 /* CGPoint + Extension.swift in Sources */ = {isa = PBXBuildFile; fileRef = 6E58382D294A214000006851 /* CGPoint + Extension.swift */; };
		6E583833294A234B00006851 /* Console.swift in Sources */ = {isa = PBXBuildFile; fileRef = 6E583832294A234B00006851 /* Console.swift */; };
		6E583835294A236300006851 /* Names.swift in Sources */ = {isa = PBXBuildFile; fileRef = 6E583834294A236300006851 /* Names.swift */; };
		6E583837294A298500006851 /* GameScene+Actions.swift in Sources */ = {isa = PBXBuildFile; fileRef = 6E583836294A298500006851 /* GameScene+Actions.swift */; };
		6E583839294A2BA400006851 /* Music.swift in Sources */ = {isa = PBXBuildFile; fileRef = 6E583838294A2BA400006851 /* Music.swift */; };
		6E6B311129477845001C9D48 /* Space_NinjaApp.swift in Sources */ = {isa = PBXBuildFile; fileRef = 6E6B311029477845001C9D48 /* Space_NinjaApp.swift */; };
		6E6B311329477845001C9D48 /* MainGameScene.swift in Sources */ = {isa = PBXBuildFile; fileRef = 6E6B311229477845001C9D48 /* MainGameScene.swift */; };
		6E6B311529477846001C9D48 /* Assets.xcassets in Resources */ = {isa = PBXBuildFile; fileRef = 6E6B311429477846001C9D48 /* Assets.xcassets */; };
		6E6B311829477846001C9D48 /* Preview Assets.xcassets in Resources */ = {isa = PBXBuildFile; fileRef = 6E6B311729477846001C9D48 /* Preview Assets.xcassets */; };
		6E6B312229477847001C9D48 /* Space_NinjaTests.swift in Sources */ = {isa = PBXBuildFile; fileRef = 6E6B312129477846001C9D48 /* Space_NinjaTests.swift */; };
		6E6B312C29477847001C9D48 /* Space_NinjaUITests.swift in Sources */ = {isa = PBXBuildFile; fileRef = 6E6B312B29477847001C9D48 /* Space_NinjaUITests.swift */; };
		6E6B312E29477847001C9D48 /* Space_NinjaUITestsLaunchTests.swift in Sources */ = {isa = PBXBuildFile; fileRef = 6E6B312D29477847001C9D48 /* Space_NinjaUITestsLaunchTests.swift */; };
		6E7F0F602948CBE00039CFB4 /* PlayView.swift in Sources */ = {isa = PBXBuildFile; fileRef = 6E7F0F5F2948CBE00039CFB4 /* PlayView.swift */; };
/* End PBXBuildFile section */

/* Begin PBXContainerItemProxy section */
		6E6B311E29477846001C9D48 /* PBXContainerItemProxy */ = {
			isa = PBXContainerItemProxy;
			containerPortal = 6E6B310529477845001C9D48 /* Project object */;
			proxyType = 1;
			remoteGlobalIDString = 6E6B310C29477845001C9D48;
			remoteInfo = "Space Ninja";
		};
		6E6B312829477847001C9D48 /* PBXContainerItemProxy */ = {
			isa = PBXContainerItemProxy;
			containerPortal = 6E6B310529477845001C9D48 /* Project object */;
			proxyType = 1;
			remoteGlobalIDString = 6E6B310C29477845001C9D48;
			remoteInfo = "Space Ninja";
		};
/* End PBXContainerItemProxy section */

/* Begin PBXFileReference section */
		4D8BA4E7294A2A5000E9FDFF /* MainScreen.swift */ = {isa = PBXFileReference; lastKnownFileType = sourcecode.swift; path = MainScreen.swift; sourceTree = "<group>"; };
		6E156A6C29491EE9007717D8 /* KYO.swift */ = {isa = PBXFileReference; lastKnownFileType = sourcecode.swift; path = KYO.swift; sourceTree = "<group>"; };
		6E156A6E29491F07007717D8 /* Shadow.swift */ = {isa = PBXFileReference; lastKnownFileType = sourcecode.swift; path = Shadow.swift; sourceTree = "<group>"; };
		6E156A7029491F1D007717D8 /* Mice.swift */ = {isa = PBXFileReference; lastKnownFileType = sourcecode.swift; path = Mice.swift; sourceTree = "<group>"; };
		6E5838272949F1E700006851 /* GameScene.swift */ = {isa = PBXFileReference; lastKnownFileType = sourcecode.swift; path = GameScene.swift; sourceTree = "<group>"; };
		6E5838292949F31900006851 /* PhysicsCategory.swift */ = {isa = PBXFileReference; lastKnownFileType = sourcecode.swift; path = PhysicsCategory.swift; sourceTree = "<group>"; };
		6E58382B2949F41400006851 /* Utils.swift */ = {isa = PBXFileReference; lastKnownFileType = sourcecode.swift; path = Utils.swift; sourceTree = "<group>"; };
		6E58382D294A214000006851 /* CGPoint + Extension.swift */ = {isa = PBXFileReference; lastKnownFileType = sourcecode.swift; path = "CGPoint + Extension.swift"; sourceTree = "<group>"; };
		6E583832294A234B00006851 /* Console.swift */ = {isa = PBXFileReference; lastKnownFileType = sourcecode.swift; path = Console.swift; sourceTree = "<group>"; };
		6E583834294A236300006851 /* Names.swift */ = {isa = PBXFileReference; lastKnownFileType = sourcecode.swift; path = Names.swift; sourceTree = "<group>"; };
		6E583836294A298500006851 /* GameScene+Actions.swift */ = {isa = PBXFileReference; lastKnownFileType = sourcecode.swift; path = "GameScene+Actions.swift"; sourceTree = "<group>"; };
		6E583838294A2BA400006851 /* Music.swift */ = {isa = PBXFileReference; lastKnownFileType = sourcecode.swift; path = Music.swift; sourceTree = "<group>"; };
		6E6B310D29477845001C9D48 /* Space Ninja.app */ = {isa = PBXFileReference; explicitFileType = wrapper.application; includeInIndex = 0; path = "Space Ninja.app"; sourceTree = BUILT_PRODUCTS_DIR; };
		6E6B311029477845001C9D48 /* Space_NinjaApp.swift */ = {isa = PBXFileReference; lastKnownFileType = sourcecode.swift; path = Space_NinjaApp.swift; sourceTree = "<group>"; };
		6E6B311229477845001C9D48 /* MainGameScene.swift */ = {isa = PBXFileReference; lastKnownFileType = sourcecode.swift; path = MainGameScene.swift; sourceTree = "<group>"; };
		6E6B311429477846001C9D48 /* Assets.xcassets */ = {isa = PBXFileReference; lastKnownFileType = folder.assetcatalog; path = Assets.xcassets; sourceTree = "<group>"; };
		6E6B311729477846001C9D48 /* Preview Assets.xcassets */ = {isa = PBXFileReference; lastKnownFileType = folder.assetcatalog; path = "Preview Assets.xcassets"; sourceTree = "<group>"; };
		6E6B311D29477846001C9D48 /* Space NinjaTests.xctest */ = {isa = PBXFileReference; explicitFileType = wrapper.cfbundle; includeInIndex = 0; path = "Space NinjaTests.xctest"; sourceTree = BUILT_PRODUCTS_DIR; };
		6E6B312129477846001C9D48 /* Space_NinjaTests.swift */ = {isa = PBXFileReference; lastKnownFileType = sourcecode.swift; path = Space_NinjaTests.swift; sourceTree = "<group>"; };
		6E6B312729477847001C9D48 /* Space NinjaUITests.xctest */ = {isa = PBXFileReference; explicitFileType = wrapper.cfbundle; includeInIndex = 0; path = "Space NinjaUITests.xctest"; sourceTree = BUILT_PRODUCTS_DIR; };
		6E6B312B29477847001C9D48 /* Space_NinjaUITests.swift */ = {isa = PBXFileReference; lastKnownFileType = sourcecode.swift; path = Space_NinjaUITests.swift; sourceTree = "<group>"; };
		6E6B312D29477847001C9D48 /* Space_NinjaUITestsLaunchTests.swift */ = {isa = PBXFileReference; lastKnownFileType = sourcecode.swift; path = Space_NinjaUITestsLaunchTests.swift; sourceTree = "<group>"; };
		6E7F0F5F2948CBE00039CFB4 /* PlayView.swift */ = {isa = PBXFileReference; lastKnownFileType = sourcecode.swift; path = PlayView.swift; sourceTree = "<group>"; };
/* End PBXFileReference section */

/* Begin PBXFrameworksBuildPhase section */
		6E6B310A29477845001C9D48 /* Frameworks */ = {
			isa = PBXFrameworksBuildPhase;
			buildActionMask = 2147483647;
			files = (
			);
			runOnlyForDeploymentPostprocessing = 0;
		};
		6E6B311A29477846001C9D48 /* Frameworks */ = {
			isa = PBXFrameworksBuildPhase;
			buildActionMask = 2147483647;
			files = (
			);
			runOnlyForDeploymentPostprocessing = 0;
		};
		6E6B312429477847001C9D48 /* Frameworks */ = {
			isa = PBXFrameworksBuildPhase;
			buildActionMask = 2147483647;
			files = (
			);
			runOnlyForDeploymentPostprocessing = 0;
		};
/* End PBXFrameworksBuildPhase section */

/* Begin PBXGroup section */
		6E58382F294A216C00006851 /* Helpers */ = {
			isa = PBXGroup;
			children = (
				6E58382D294A214000006851 /* CGPoint + Extension.swift */,
				6E58382B2949F41400006851 /* Utils.swift */,
				6E5838292949F31900006851 /* PhysicsCategory.swift */,
				6E583834294A236300006851 /* Names.swift */,
				6E583838294A2BA400006851 /* Music.swift */,
			);
			path = Helpers;
			sourceTree = "<group>";
		};
		6E583830294A217400006851 /* Scene */ = {
			isa = PBXGroup;
			children = (
				6E5838272949F1E700006851 /* GameScene.swift */,
				6E583836294A298500006851 /* GameScene+Actions.swift */,
				6E583832294A234B00006851 /* Console.swift */,
			);
			path = Scene;
			sourceTree = "<group>";
		};
		6E583831294A217F00006851 /* Actors */ = {
			isa = PBXGroup;
			children = (
				6E156A7029491F1D007717D8 /* Mice.swift */,
				6E156A6E29491F07007717D8 /* Shadow.swift */,
				6E156A6C29491EE9007717D8 /* KYO.swift */,
			);
			path = Actors;
			sourceTree = "<group>";
		};
		6E6B310429477845001C9D48 = {
			isa = PBXGroup;
			children = (
				6E6B310F29477845001C9D48 /* Space Ninja */,
				6E6B312029477846001C9D48 /* Space NinjaTests */,
				6E6B312A29477847001C9D48 /* Space NinjaUITests */,
				6E6B310E29477845001C9D48 /* Products */,
			);
			sourceTree = "<group>";
		};
		6E6B310E29477845001C9D48 /* Products */ = {
			isa = PBXGroup;
			children = (
				6E6B310D29477845001C9D48 /* Space Ninja.app */,
				6E6B311D29477846001C9D48 /* Space NinjaTests.xctest */,
				6E6B312729477847001C9D48 /* Space NinjaUITests.xctest */,
			);
			name = Products;
			sourceTree = "<group>";
		};
		6E6B310F29477845001C9D48 /* Space Ninja */ = {
			isa = PBXGroup;
			children = (
				6E6B311029477845001C9D48 /* Space_NinjaApp.swift */,
				6E6B311229477845001C9D48 /* MainGameScene.swift */,
				4D8BA4E7294A2A5000E9FDFF /* MainScreen.swift */,
				6E58382F294A216C00006851 /* Helpers */,
				6E583830294A217400006851 /* Scene */,
				6E583831294A217F00006851 /* Actors */,
				6E7F0F5F2948CBE00039CFB4 /* PlayView.swift */,
				6E6B311429477846001C9D48 /* Assets.xcassets */,
				6E6B311629477846001C9D48 /* Preview Content */,
			);
			path = "Space Ninja";
			sourceTree = "<group>";
		};
		6E6B311629477846001C9D48 /* Preview Content */ = {
			isa = PBXGroup;
			children = (
				6E6B311729477846001C9D48 /* Preview Assets.xcassets */,
			);
			path = "Preview Content";
			sourceTree = "<group>";
		};
		6E6B312029477846001C9D48 /* Space NinjaTests */ = {
			isa = PBXGroup;
			children = (
				6E6B312129477846001C9D48 /* Space_NinjaTests.swift */,
			);
			path = "Space NinjaTests";
			sourceTree = "<group>";
		};
		6E6B312A29477847001C9D48 /* Space NinjaUITests */ = {
			isa = PBXGroup;
			children = (
				6E6B312B29477847001C9D48 /* Space_NinjaUITests.swift */,
				6E6B312D29477847001C9D48 /* Space_NinjaUITestsLaunchTests.swift */,
			);
			path = "Space NinjaUITests";
			sourceTree = "<group>";
		};
/* End PBXGroup section */

/* Begin PBXNativeTarget section */
		6E6B310C29477845001C9D48 /* Space Ninja */ = {
			isa = PBXNativeTarget;
			buildConfigurationList = 6E6B313129477847001C9D48 /* Build configuration list for PBXNativeTarget "Space Ninja" */;
			buildPhases = (
				6E6B310929477845001C9D48 /* Sources */,
				6E6B310A29477845001C9D48 /* Frameworks */,
				6E6B310B29477845001C9D48 /* Resources */,
			);
			buildRules = (
			);
			dependencies = (
			);
			name = "Space Ninja";
			productName = "Space Ninja";
			productReference = 6E6B310D29477845001C9D48 /* Space Ninja.app */;
			productType = "com.apple.product-type.application";
		};
		6E6B311C29477846001C9D48 /* Space NinjaTests */ = {
			isa = PBXNativeTarget;
			buildConfigurationList = 6E6B313429477847001C9D48 /* Build configuration list for PBXNativeTarget "Space NinjaTests" */;
			buildPhases = (
				6E6B311929477846001C9D48 /* Sources */,
				6E6B311A29477846001C9D48 /* Frameworks */,
				6E6B311B29477846001C9D48 /* Resources */,
			);
			buildRules = (
			);
			dependencies = (
				6E6B311F29477846001C9D48 /* PBXTargetDependency */,
			);
			name = "Space NinjaTests";
			productName = "Space NinjaTests";
			productReference = 6E6B311D29477846001C9D48 /* Space NinjaTests.xctest */;
			productType = "com.apple.product-type.bundle.unit-test";
		};
		6E6B312629477847001C9D48 /* Space NinjaUITests */ = {
			isa = PBXNativeTarget;
			buildConfigurationList = 6E6B313729477847001C9D48 /* Build configuration list for PBXNativeTarget "Space NinjaUITests" */;
			buildPhases = (
				6E6B312329477847001C9D48 /* Sources */,
				6E6B312429477847001C9D48 /* Frameworks */,
				6E6B312529477847001C9D48 /* Resources */,
			);
			buildRules = (
			);
			dependencies = (
				6E6B312929477847001C9D48 /* PBXTargetDependency */,
			);
			name = "Space NinjaUITests";
			productName = "Space NinjaUITests";
			productReference = 6E6B312729477847001C9D48 /* Space NinjaUITests.xctest */;
			productType = "com.apple.product-type.bundle.ui-testing";
		};
/* End PBXNativeTarget section */

/* Begin PBXProject section */
		6E6B310529477845001C9D48 /* Project object */ = {
			isa = PBXProject;
			attributes = {
				BuildIndependentTargetsInParallel = 1;
				LastSwiftUpdateCheck = 1410;
				LastUpgradeCheck = 1410;
				TargetAttributes = {
					6E6B310C29477845001C9D48 = {
						CreatedOnToolsVersion = 14.1;
					};
					6E6B311C29477846001C9D48 = {
						CreatedOnToolsVersion = 14.1;
						TestTargetID = 6E6B310C29477845001C9D48;
					};
					6E6B312629477847001C9D48 = {
						CreatedOnToolsVersion = 14.1;
						TestTargetID = 6E6B310C29477845001C9D48;
					};
				};
			};
			buildConfigurationList = 6E6B310829477845001C9D48 /* Build configuration list for PBXProject "Space Ninja" */;
			compatibilityVersion = "Xcode 14.0";
			developmentRegion = en;
			hasScannedForEncodings = 0;
			knownRegions = (
				en,
				Base,
			);
			mainGroup = 6E6B310429477845001C9D48;
			productRefGroup = 6E6B310E29477845001C9D48 /* Products */;
			projectDirPath = "";
			projectRoot = "";
			targets = (
				6E6B310C29477845001C9D48 /* Space Ninja */,
				6E6B311C29477846001C9D48 /* Space NinjaTests */,
				6E6B312629477847001C9D48 /* Space NinjaUITests */,
			);
		};
/* End PBXProject section */

/* Begin PBXResourcesBuildPhase section */
		6E6B310B29477845001C9D48 /* Resources */ = {
			isa = PBXResourcesBuildPhase;
			buildActionMask = 2147483647;
			files = (
				6E6B311829477846001C9D48 /* Preview Assets.xcassets in Resources */,
				6E6B311529477846001C9D48 /* Assets.xcassets in Resources */,
			);
			runOnlyForDeploymentPostprocessing = 0;
		};
		6E6B311B29477846001C9D48 /* Resources */ = {
			isa = PBXResourcesBuildPhase;
			buildActionMask = 2147483647;
			files = (
			);
			runOnlyForDeploymentPostprocessing = 0;
		};
		6E6B312529477847001C9D48 /* Resources */ = {
			isa = PBXResourcesBuildPhase;
			buildActionMask = 2147483647;
			files = (
			);
			runOnlyForDeploymentPostprocessing = 0;
		};
/* End PBXResourcesBuildPhase section */

/* Begin PBXSourcesBuildPhase section */
		6E6B310929477845001C9D48 /* Sources */ = {
			isa = PBXSourcesBuildPhase;
			buildActionMask = 2147483647;
			files = (
				6E156A6F29491F07007717D8 /* Shadow.swift in Sources */,
				6E583835294A236300006851 /* Names.swift in Sources */,
				6E156A7129491F1D007717D8 /* Mice.swift in Sources */,
				6E58382C2949F41400006851 /* Utils.swift in Sources */,
				6E5838282949F1E700006851 /* GameScene.swift in Sources */,
				4D8BA4E8294A2A5000E9FDFF /* MainScreen.swift in Sources */,
				6E7F0F602948CBE00039CFB4 /* PlayView.swift in Sources */,
				6E58382E294A214000006851 /* CGPoint + Extension.swift in Sources */,
				6E156A6D29491EE9007717D8 /* KYO.swift in Sources */,
				6E58382A2949F31900006851 /* PhysicsCategory.swift in Sources */,
				6E583839294A2BA400006851 /* Music.swift in Sources */,
				6E583837294A298500006851 /* GameScene+Actions.swift in Sources */,
				6E6B311329477845001C9D48 /* MainGameScene.swift in Sources */,
				6E583833294A234B00006851 /* Console.swift in Sources */,
				6E6B311129477845001C9D48 /* Space_NinjaApp.swift in Sources */,
			);
			runOnlyForDeploymentPostprocessing = 0;
		};
		6E6B311929477846001C9D48 /* Sources */ = {
			isa = PBXSourcesBuildPhase;
			buildActionMask = 2147483647;
			files = (
				6E6B312229477847001C9D48 /* Space_NinjaTests.swift in Sources */,
			);
			runOnlyForDeploymentPostprocessing = 0;
		};
		6E6B312329477847001C9D48 /* Sources */ = {
			isa = PBXSourcesBuildPhase;
			buildActionMask = 2147483647;
			files = (
				6E6B312E29477847001C9D48 /* Space_NinjaUITestsLaunchTests.swift in Sources */,
				6E6B312C29477847001C9D48 /* Space_NinjaUITests.swift in Sources */,
			);
			runOnlyForDeploymentPostprocessing = 0;
		};
/* End PBXSourcesBuildPhase section */

/* Begin PBXTargetDependency section */
		6E6B311F29477846001C9D48 /* PBXTargetDependency */ = {
			isa = PBXTargetDependency;
			target = 6E6B310C29477845001C9D48 /* Space Ninja */;
			targetProxy = 6E6B311E29477846001C9D48 /* PBXContainerItemProxy */;
		};
		6E6B312929477847001C9D48 /* PBXTargetDependency */ = {
			isa = PBXTargetDependency;
			target = 6E6B310C29477845001C9D48 /* Space Ninja */;
			targetProxy = 6E6B312829477847001C9D48 /* PBXContainerItemProxy */;
		};
/* End PBXTargetDependency section */

/* Begin XCBuildConfiguration section */
		6E6B312F29477847001C9D48 /* Debug */ = {
			isa = XCBuildConfiguration;
			buildSettings = {
				ALWAYS_SEARCH_USER_PATHS = NO;
				CLANG_ANALYZER_NONNULL = YES;
				CLANG_ANALYZER_NUMBER_OBJECT_CONVERSION = YES_AGGRESSIVE;
				CLANG_CXX_LANGUAGE_STANDARD = "gnu++20";
				CLANG_ENABLE_MODULES = YES;
				CLANG_ENABLE_OBJC_ARC = YES;
				CLANG_ENABLE_OBJC_WEAK = YES;
				CLANG_WARN_BLOCK_CAPTURE_AUTORELEASING = YES;
				CLANG_WARN_BOOL_CONVERSION = YES;
				CLANG_WARN_COMMA = YES;
				CLANG_WARN_CONSTANT_CONVERSION = YES;
				CLANG_WARN_DEPRECATED_OBJC_IMPLEMENTATIONS = YES;
				CLANG_WARN_DIRECT_OBJC_ISA_USAGE = YES_ERROR;
				CLANG_WARN_DOCUMENTATION_COMMENTS = YES;
				CLANG_WARN_EMPTY_BODY = YES;
				CLANG_WARN_ENUM_CONVERSION = YES;
				CLANG_WARN_INFINITE_RECURSION = YES;
				CLANG_WARN_INT_CONVERSION = YES;
				CLANG_WARN_NON_LITERAL_NULL_CONVERSION = YES;
				CLANG_WARN_OBJC_IMPLICIT_RETAIN_SELF = YES;
				CLANG_WARN_OBJC_LITERAL_CONVERSION = YES;
				CLANG_WARN_OBJC_ROOT_CLASS = YES_ERROR;
				CLANG_WARN_QUOTED_INCLUDE_IN_FRAMEWORK_HEADER = YES;
				CLANG_WARN_RANGE_LOOP_ANALYSIS = YES;
				CLANG_WARN_STRICT_PROTOTYPES = YES;
				CLANG_WARN_SUSPICIOUS_MOVE = YES;
				CLANG_WARN_UNGUARDED_AVAILABILITY = YES_AGGRESSIVE;
				CLANG_WARN_UNREACHABLE_CODE = YES;
				CLANG_WARN__DUPLICATE_METHOD_MATCH = YES;
				COPY_PHASE_STRIP = NO;
				DEBUG_INFORMATION_FORMAT = dwarf;
				ENABLE_STRICT_OBJC_MSGSEND = YES;
				ENABLE_TESTABILITY = YES;
				GCC_C_LANGUAGE_STANDARD = gnu11;
				GCC_DYNAMIC_NO_PIC = NO;
				GCC_NO_COMMON_BLOCKS = YES;
				GCC_OPTIMIZATION_LEVEL = 0;
				GCC_PREPROCESSOR_DEFINITIONS = (
					"DEBUG=1",
					"$(inherited)",
				);
				GCC_WARN_64_TO_32_BIT_CONVERSION = YES;
				GCC_WARN_ABOUT_RETURN_TYPE = YES_ERROR;
				GCC_WARN_UNDECLARED_SELECTOR = YES;
				GCC_WARN_UNINITIALIZED_AUTOS = YES_AGGRESSIVE;
				GCC_WARN_UNUSED_FUNCTION = YES;
				GCC_WARN_UNUSED_VARIABLE = YES;
				IPHONEOS_DEPLOYMENT_TARGET = 15.1;
				MTL_ENABLE_DEBUG_INFO = INCLUDE_SOURCE;
				MTL_FAST_MATH = YES;
				ONLY_ACTIVE_ARCH = YES;
				SDKROOT = iphoneos;
				SWIFT_ACTIVE_COMPILATION_CONDITIONS = DEBUG;
				SWIFT_OPTIMIZATION_LEVEL = "-Onone";
			};
			name = Debug;
		};
		6E6B313029477847001C9D48 /* Release */ = {
			isa = XCBuildConfiguration;
			buildSettings = {
				ALWAYS_SEARCH_USER_PATHS = NO;
				CLANG_ANALYZER_NONNULL = YES;
				CLANG_ANALYZER_NUMBER_OBJECT_CONVERSION = YES_AGGRESSIVE;
				CLANG_CXX_LANGUAGE_STANDARD = "gnu++20";
				CLANG_ENABLE_MODULES = YES;
				CLANG_ENABLE_OBJC_ARC = YES;
				CLANG_ENABLE_OBJC_WEAK = YES;
				CLANG_WARN_BLOCK_CAPTURE_AUTORELEASING = YES;
				CLANG_WARN_BOOL_CONVERSION = YES;
				CLANG_WARN_COMMA = YES;
				CLANG_WARN_CONSTANT_CONVERSION = YES;
				CLANG_WARN_DEPRECATED_OBJC_IMPLEMENTATIONS = YES;
				CLANG_WARN_DIRECT_OBJC_ISA_USAGE = YES_ERROR;
				CLANG_WARN_DOCUMENTATION_COMMENTS = YES;
				CLANG_WARN_EMPTY_BODY = YES;
				CLANG_WARN_ENUM_CONVERSION = YES;
				CLANG_WARN_INFINITE_RECURSION = YES;
				CLANG_WARN_INT_CONVERSION = YES;
				CLANG_WARN_NON_LITERAL_NULL_CONVERSION = YES;
				CLANG_WARN_OBJC_IMPLICIT_RETAIN_SELF = YES;
				CLANG_WARN_OBJC_LITERAL_CONVERSION = YES;
				CLANG_WARN_OBJC_ROOT_CLASS = YES_ERROR;
				CLANG_WARN_QUOTED_INCLUDE_IN_FRAMEWORK_HEADER = YES;
				CLANG_WARN_RANGE_LOOP_ANALYSIS = YES;
				CLANG_WARN_STRICT_PROTOTYPES = YES;
				CLANG_WARN_SUSPICIOUS_MOVE = YES;
				CLANG_WARN_UNGUARDED_AVAILABILITY = YES_AGGRESSIVE;
				CLANG_WARN_UNREACHABLE_CODE = YES;
				CLANG_WARN__DUPLICATE_METHOD_MATCH = YES;
				COPY_PHASE_STRIP = NO;
				DEBUG_INFORMATION_FORMAT = "dwarf-with-dsym";
				ENABLE_NS_ASSERTIONS = NO;
				ENABLE_STRICT_OBJC_MSGSEND = YES;
				GCC_C_LANGUAGE_STANDARD = gnu11;
				GCC_NO_COMMON_BLOCKS = YES;
				GCC_WARN_64_TO_32_BIT_CONVERSION = YES;
				GCC_WARN_ABOUT_RETURN_TYPE = YES_ERROR;
				GCC_WARN_UNDECLARED_SELECTOR = YES;
				GCC_WARN_UNINITIALIZED_AUTOS = YES_AGGRESSIVE;
				GCC_WARN_UNUSED_FUNCTION = YES;
				GCC_WARN_UNUSED_VARIABLE = YES;
				IPHONEOS_DEPLOYMENT_TARGET = 15.1;
				MTL_ENABLE_DEBUG_INFO = NO;
				MTL_FAST_MATH = YES;
				SDKROOT = iphoneos;
				SWIFT_COMPILATION_MODE = wholemodule;
				SWIFT_OPTIMIZATION_LEVEL = "-O";
				VALIDATE_PRODUCT = YES;
			};
			name = Release;
		};
		6E6B313229477847001C9D48 /* Debug */ = {
			isa = XCBuildConfiguration;
			buildSettings = {
				ASSETCATALOG_COMPILER_APPICON_NAME = AppIcon;
				ASSETCATALOG_COMPILER_GLOBAL_ACCENT_COLOR_NAME = AccentColor;
				CODE_SIGN_STYLE = Automatic;
				CURRENT_PROJECT_VERSION = 1;
				DEVELOPMENT_ASSET_PATHS = "\"Space Ninja/Preview Content\"";
				DEVELOPMENT_TEAM = 8T58FH89LR;
				ENABLE_PREVIEWS = YES;
				GENERATE_INFOPLIST_FILE = YES;
				INFOPLIST_KEY_UIApplicationSceneManifest_Generation = YES;
				INFOPLIST_KEY_UIApplicationSupportsIndirectInputEvents = YES;
				INFOPLIST_KEY_UILaunchScreen_Generation = YES;
				INFOPLIST_KEY_UISupportedInterfaceOrientations = UIInterfaceOrientationLandscapeRight;
				INFOPLIST_KEY_UISupportedInterfaceOrientations_iPad = UIInterfaceOrientationLandscapeLeft;
				LD_RUNPATH_SEARCH_PATHS = (
					"$(inherited)",
					"@executable_path/Frameworks",
				);
				MARKETING_VERSION = 1.0;
				PRODUCT_BUNDLE_IDENTIFIER = "elyahk.Space-Ninja";
				PRODUCT_NAME = "$(TARGET_NAME)";
				SWIFT_EMIT_LOC_STRINGS = YES;
				SWIFT_VERSION = 5.0;
				TARGETED_DEVICE_FAMILY = "1,2";
			};
			name = Debug;
		};
		6E6B313329477847001C9D48 /* Release */ = {
			isa = XCBuildConfiguration;
			buildSettings = {
				ASSETCATALOG_COMPILER_APPICON_NAME = AppIcon;
				ASSETCATALOG_COMPILER_GLOBAL_ACCENT_COLOR_NAME = AccentColor;
				CODE_SIGN_STYLE = Automatic;
				CURRENT_PROJECT_VERSION = 1;
				DEVELOPMENT_ASSET_PATHS = "\"Space Ninja/Preview Content\"";
				DEVELOPMENT_TEAM = 8T58FH89LR;
				ENABLE_PREVIEWS = YES;
				GENERATE_INFOPLIST_FILE = YES;
				INFOPLIST_KEY_UIApplicationSceneManifest_Generation = YES;
				INFOPLIST_KEY_UIApplicationSupportsIndirectInputEvents = YES;
				INFOPLIST_KEY_UILaunchScreen_Generation = YES;
				INFOPLIST_KEY_UISupportedInterfaceOrientations = UIInterfaceOrientationLandscapeRight;
				INFOPLIST_KEY_UISupportedInterfaceOrientations_iPad = UIInterfaceOrientationLandscapeLeft;
				LD_RUNPATH_SEARCH_PATHS = (
					"$(inherited)",
					"@executable_path/Frameworks",
				);
				MARKETING_VERSION = 1.0;
				PRODUCT_BUNDLE_IDENTIFIER = "elyahk.Space-Ninja";
				PRODUCT_NAME = "$(TARGET_NAME)";
				SWIFT_EMIT_LOC_STRINGS = YES;
				SWIFT_VERSION = 5.0;
				TARGETED_DEVICE_FAMILY = "1,2";
			};
			name = Release;
		};
		6E6B313529477847001C9D48 /* Debug */ = {
			isa = XCBuildConfiguration;
			buildSettings = {
				ALWAYS_EMBED_SWIFT_STANDARD_LIBRARIES = YES;
				BUNDLE_LOADER = "$(TEST_HOST)";
				CODE_SIGN_STYLE = Automatic;
				CURRENT_PROJECT_VERSION = 1;
				DEVELOPMENT_TEAM = 8T58FH89LR;
				GENERATE_INFOPLIST_FILE = YES;
				IPHONEOS_DEPLOYMENT_TARGET = 16.1;
				MARKETING_VERSION = 1.0;
				PRODUCT_BUNDLE_IDENTIFIER = "elyahk.Space-NinjaTests";
				PRODUCT_NAME = "$(TARGET_NAME)";
				SWIFT_EMIT_LOC_STRINGS = NO;
				SWIFT_VERSION = 5.0;
				TARGETED_DEVICE_FAMILY = "1,2";
				TEST_HOST = "$(BUILT_PRODUCTS_DIR)/Space Ninja.app/$(BUNDLE_EXECUTABLE_FOLDER_PATH)/Space Ninja";
			};
			name = Debug;
		};
		6E6B313629477847001C9D48 /* Release */ = {
			isa = XCBuildConfiguration;
			buildSettings = {
				ALWAYS_EMBED_SWIFT_STANDARD_LIBRARIES = YES;
				BUNDLE_LOADER = "$(TEST_HOST)";
				CODE_SIGN_STYLE = Automatic;
				CURRENT_PROJECT_VERSION = 1;
				DEVELOPMENT_TEAM = 8T58FH89LR;
				GENERATE_INFOPLIST_FILE = YES;
				IPHONEOS_DEPLOYMENT_TARGET = 16.1;
				MARKETING_VERSION = 1.0;
				PRODUCT_BUNDLE_IDENTIFIER = "elyahk.Space-NinjaTests";
				PRODUCT_NAME = "$(TARGET_NAME)";
				SWIFT_EMIT_LOC_STRINGS = NO;
				SWIFT_VERSION = 5.0;
				TARGETED_DEVICE_FAMILY = "1,2";
				TEST_HOST = "$(BUILT_PRODUCTS_DIR)/Space Ninja.app/$(BUNDLE_EXECUTABLE_FOLDER_PATH)/Space Ninja";
			};
			name = Release;
		};
		6E6B313829477847001C9D48 /* Debug */ = {
			isa = XCBuildConfiguration;
			buildSettings = {
				ALWAYS_EMBED_SWIFT_STANDARD_LIBRARIES = YES;
				CODE_SIGN_STYLE = Automatic;
				CURRENT_PROJECT_VERSION = 1;
				DEVELOPMENT_TEAM = 8T58FH89LR;
				GENERATE_INFOPLIST_FILE = YES;
				MARKETING_VERSION = 1.0;
				PRODUCT_BUNDLE_IDENTIFIER = "elyahk.Space-NinjaUITests";
				PRODUCT_NAME = "$(TARGET_NAME)";
				SWIFT_EMIT_LOC_STRINGS = NO;
				SWIFT_VERSION = 5.0;
				TARGETED_DEVICE_FAMILY = "1,2";
				TEST_TARGET_NAME = "Space Ninja";
			};
			name = Debug;
		};
		6E6B313929477847001C9D48 /* Release */ = {
			isa = XCBuildConfiguration;
			buildSettings = {
				ALWAYS_EMBED_SWIFT_STANDARD_LIBRARIES = YES;
				CODE_SIGN_STYLE = Automatic;
				CURRENT_PROJECT_VERSION = 1;
				DEVELOPMENT_TEAM = 8T58FH89LR;
				GENERATE_INFOPLIST_FILE = YES;
				MARKETING_VERSION = 1.0;
				PRODUCT_BUNDLE_IDENTIFIER = "elyahk.Space-NinjaUITests";
				PRODUCT_NAME = "$(TARGET_NAME)";
				SWIFT_EMIT_LOC_STRINGS = NO;
				SWIFT_VERSION = 5.0;
				TARGETED_DEVICE_FAMILY = "1,2";
				TEST_TARGET_NAME = "Space Ninja";
			};
			name = Release;
		};
/* End XCBuildConfiguration section */

/* Begin XCConfigurationList section */
		6E6B310829477845001C9D48 /* Build configuration list for PBXProject "Space Ninja" */ = {
			isa = XCConfigurationList;
			buildConfigurations = (
				6E6B312F29477847001C9D48 /* Debug */,
				6E6B313029477847001C9D48 /* Release */,
			);
			defaultConfigurationIsVisible = 0;
			defaultConfigurationName = Release;
		};
		6E6B313129477847001C9D48 /* Build configuration list for PBXNativeTarget "Space Ninja" */ = {
			isa = XCConfigurationList;
			buildConfigurations = (
				6E6B313229477847001C9D48 /* Debug */,
				6E6B313329477847001C9D48 /* Release */,
			);
			defaultConfigurationIsVisible = 0;
			defaultConfigurationName = Release;
		};
		6E6B313429477847001C9D48 /* Build configuration list for PBXNativeTarget "Space NinjaTests" */ = {
			isa = XCConfigurationList;
			buildConfigurations = (
				6E6B313529477847001C9D48 /* Debug */,
				6E6B313629477847001C9D48 /* Release */,
			);
			defaultConfigurationIsVisible = 0;
			defaultConfigurationName = Release;
		};
		6E6B313729477847001C9D48 /* Build configuration list for PBXNativeTarget "Space NinjaUITests" */ = {
			isa = XCConfigurationList;
			buildConfigurations = (
				6E6B313829477847001C9D48 /* Debug */,
				6E6B313929477847001C9D48 /* Release */,
			);
			defaultConfigurationIsVisible = 0;
			defaultConfigurationName = Release;
		};
/* End XCConfigurationList section */
	};
	rootObject = 6E6B310529477845001C9D48 /* Project object */;
}
